
Microsoft Visual Studio Solution File, Format Version 12.00
# Visual Studio Version 16
VisualStudioVersion = 16.0.31424.327
MinimumVisualStudioVersion = 10.0.40219.1
Project("{9A19103F-16F7-4668-BE54-9A1E7A4F7556}") = "demo", "demo.csproj", "{8243CA15-DFB8-4551-8707-847E46A6384C}"
EndProject
Project("{FAE04EC0-301F-11D3-BF4B-00C04F79EFBC}") = "demo2", "..\demo2\demo2.csproj", "{E9C480A9-B455-496F-8F4D-9C719727CC63}"
EndProject
Global
	GlobalSection(SolutionConfigurationPlatforms) = preSolution
		Debug|Any CPU = Debug|Any CPU
		Release|Any CPU = Release|Any CPU
	EndGlobalSection
	GlobalSection(ProjectConfigurationPlatforms) = postSolution
		{8243CA15-DFB8-4551-8707-847E46A6384C}.Debug|Any CPU.ActiveCfg = Debug|Any CPU
		{8243CA15-DFB8-4551-8707-847E46A6384C}.Debug|Any CPU.Build.0 = Debug|Any CPU
		{8243CA15-DFB8-4551-8707-847E46A6384C}.Release|Any CPU.ActiveCfg = Release|Any CPU
		{8243CA15-DFB8-4551-8707-847E46A6384C}.Release|Any CPU.Build.0 = Release|Any CPU
		{E9C480A9-B455-496F-8F4D-9C719727CC63}.Debug|Any CPU.ActiveCfg = Debug|Any CPU
		{E9C480A9-B455-496F-8F4D-9C719727CC63}.Debug|Any CPU.Build.0 = Debug|Any CPU
		{E9C480A9-B455-496F-8F4D-9C719727CC63}.Release|Any CPU.ActiveCfg = Release|Any CPU
		{E9C480A9-B455-496F-8F4D-9C719727CC63}.Release|Any CPU.Build.0 = Release|Any CPU
	EndGlobalSection
	GlobalSection(SolutionProperties) = preSolution
		HideSolutionNode = FALSE
	EndGlobalSection
	GlobalSection(ExtensibilityGlobals) = postSolution
		SolutionGuid = {BD35ECCB-69DC-48BA-80CA-6345F5CA2D7B}
	EndGlobalSection
EndGlobal
